
Microsoft Visual Studio Solution File, Format Version 12.00
# Visual Studio Version 16
VisualStudioVersion = 16.0.31702.278
MinimumVisualStudioVersion = 10.0.40219.1
Project("{FAE04EC0-301F-11D3-BF4B-00C04F79EFBC}") = "Ejercicio_16_sharp", "Ejercicio_16_sharp\Ejercicio_16_sharp.csproj", "{7CC79426-3EF8-4625-BA7B-E94B4D59D694}"
EndProject
Global
	GlobalSection(SolutionConfigurationPlatforms) = preSolution
		Debug|Any CPU = Debug|Any CPU
		Release|Any CPU = Release|Any CPU
	EndGlobalSection
	GlobalSection(ProjectConfigurationPlatforms) = postSolution
		{7CC79426-3EF8-4625-BA7B-E94B4D59D694}.Debug|Any CPU.ActiveCfg = Debug|Any CPU
		{7CC79426-3EF8-4625-BA7B-E94B4D59D694}.Debug|Any CPU.Build.0 = Debug|Any CPU
		{7CC79426-3EF8-4625-BA7B-E94B4D59D694}.Release|Any CPU.ActiveCfg = Release|Any CPU
		{7CC79426-3EF8-4625-BA7B-E94B4D59D694}.Release|Any CPU.Build.0 = Release|Any CPU
	EndGlobalSection
	GlobalSection(SolutionProperties) = preSolution
		HideSolutionNode = FALSE
	EndGlobalSection
	GlobalSection(ExtensibilityGlobals) = postSolution
		SolutionGuid = {0CC5CA54-8D34-486D-A36A-C9B13B5096F0}
	EndGlobalSection
EndGlobal
